// !$*UTF8*$!
{
	archiveVersion = 1;
	classes = {
	};
	objectVersion = 56;
	objects = {

/* Begin PBXBuildFile section */
		8E77FCA22BD06863008C3845 /* Bundle+Info.swift in Sources */ = {isa = PBXBuildFile; fileRef = 8E77FCA12BD06863008C3845 /* Bundle+Info.swift */; };
		8E88D2A12BD2520F008B8FDC /* SignInViewController.swift in Sources */ = {isa = PBXBuildFile; fileRef = 8E88D2A02BD2520F008B8FDC /* SignInViewController.swift */; };
		8EC940192BC84D04001BFB7E /* CredentialService.swift in Sources */ = {isa = PBXBuildFile; fileRef = 8EC940182BC84D04001BFB7E /* CredentialService.swift */; };
		8EC940202BC866F1001BFB7E /* SignInView.swift in Sources */ = {isa = PBXBuildFile; fileRef = 8EC9401F2BC866F1001BFB7E /* SignInView.swift */; };
		8EC940232BC867F9001BFB7E /* SignInViewModel.swift in Sources */ = {isa = PBXBuildFile; fileRef = 8EC940222BC867F9001BFB7E /* SignInViewModel.swift */; };
		8EC940252BC86885001BFB7E /* AuthenticationService.swift in Sources */ = {isa = PBXBuildFile; fileRef = 8EC940242BC86885001BFB7E /* AuthenticationService.swift */; };
		8ECEE8982BC5D48D00AF7A79 /* AnchorageApp.swift in Sources */ = {isa = PBXBuildFile; fileRef = 8ECEE8972BC5D48D00AF7A79 /* AnchorageApp.swift */; };
		8ECEE89C2BC5D48E00AF7A79 /* Assets.xcassets in Resources */ = {isa = PBXBuildFile; fileRef = 8ECEE89B2BC5D48E00AF7A79 /* Assets.xcassets */; };
		8ECEE89F2BC5D48E00AF7A79 /* Preview Assets.xcassets in Resources */ = {isa = PBXBuildFile; fileRef = 8ECEE89E2BC5D48E00AF7A79 /* Preview Assets.xcassets */; };
		8ECEE8AC2BC5D80000AF7A79 /* NetworkManager.swift in Sources */ = {isa = PBXBuildFile; fileRef = 8ECEE8AB2BC5D80000AF7A79 /* NetworkManager.swift */; };
		8ECEE8AF2BC5D8B900AF7A79 /* Event.swift in Sources */ = {isa = PBXBuildFile; fileRef = 8ECEE8AE2BC5D8B900AF7A79 /* Event.swift */; };
		8ECEE8B12BC5D8CD00AF7A79 /* Ticket.swift in Sources */ = {isa = PBXBuildFile; fileRef = 8ECEE8B02BC5D8CD00AF7A79 /* Ticket.swift */; };
		8ECEE8B32BC5D8E100AF7A79 /* Credentials.swift in Sources */ = {isa = PBXBuildFile; fileRef = 8ECEE8B22BC5D8E100AF7A79 /* Credentials.swift */; };
		8ECEE8B52BC5DA6800AF7A79 /* RequestBuilder.swift in Sources */ = {isa = PBXBuildFile; fileRef = 8ECEE8B42BC5DA6800AF7A79 /* RequestBuilder.swift */; };
		8ECEE8B82BC5E15500AF7A79 /* EventService.swift in Sources */ = {isa = PBXBuildFile; fileRef = 8ECEE8B72BC5E15500AF7A79 /* EventService.swift */; };
		8ECEE8BA2BC5E24200AF7A79 /* ServiceFactory.swift in Sources */ = {isa = PBXBuildFile; fileRef = 8ECEE8B92BC5E24200AF7A79 /* ServiceFactory.swift */; };
		8ECEE8BC2BC5E49D00AF7A79 /* AccountService.swift in Sources */ = {isa = PBXBuildFile; fileRef = 8ECEE8BB2BC5E49D00AF7A79 /* AccountService.swift */; };
		8ED85E522BC66D8F00130D12 /* KeychainWrapper.swift in Sources */ = {isa = PBXBuildFile; fileRef = 8ED85E512BC66D8F00130D12 /* KeychainWrapper.swift */; };
		8ED85E572BC68E3E00130D12 /* NetworkError.swift in Sources */ = {isa = PBXBuildFile; fileRef = 8ED85E562BC68E3E00130D12 /* NetworkError.swift */; };
		8ED85E592BC6900B00130D12 /* AppDelegate.swift in Sources */ = {isa = PBXBuildFile; fileRef = 8ED85E582BC6900B00130D12 /* AppDelegate.swift */; };
		8ED85E5C2BC6916000130D12 /* AppSettings.swift in Sources */ = {isa = PBXBuildFile; fileRef = 8ED85E5B2BC6916000130D12 /* AppSettings.swift */; };
		8ED85E5F2BC70C7C00130D12 /* RequestFactory.swift in Sources */ = {isa = PBXBuildFile; fileRef = 8ED85E5E2BC70C7C00130D12 /* RequestFactory.swift */; };
/* End PBXBuildFile section */

/* Begin PBXFileReference section */
		8E77FCA12BD06863008C3845 /* Bundle+Info.swift */ = {isa = PBXFileReference; lastKnownFileType = sourcecode.swift; path = "Bundle+Info.swift"; sourceTree = "<group>"; };
		8E88D2A02BD2520F008B8FDC /* SignInViewController.swift */ = {isa = PBXFileReference; lastKnownFileType = sourcecode.swift; path = SignInViewController.swift; sourceTree = "<group>"; };
		8EC940182BC84D04001BFB7E /* CredentialService.swift */ = {isa = PBXFileReference; lastKnownFileType = sourcecode.swift; path = CredentialService.swift; sourceTree = "<group>"; };
		8EC9401F2BC866F1001BFB7E /* SignInView.swift */ = {isa = PBXFileReference; lastKnownFileType = sourcecode.swift; path = SignInView.swift; sourceTree = "<group>"; };
		8EC940222BC867F9001BFB7E /* SignInViewModel.swift */ = {isa = PBXFileReference; lastKnownFileType = sourcecode.swift; path = SignInViewModel.swift; sourceTree = "<group>"; };
		8EC940242BC86885001BFB7E /* AuthenticationService.swift */ = {isa = PBXFileReference; lastKnownFileType = sourcecode.swift; path = AuthenticationService.swift; sourceTree = "<group>"; };
		8ECEE8942BC5D48D00AF7A79 /* Anchorage.app */ = {isa = PBXFileReference; explicitFileType = wrapper.application; includeInIndex = 0; path = Anchorage.app; sourceTree = BUILT_PRODUCTS_DIR; };
		8ECEE8972BC5D48D00AF7A79 /* AnchorageApp.swift */ = {isa = PBXFileReference; lastKnownFileType = sourcecode.swift; path = AnchorageApp.swift; sourceTree = "<group>"; };
		8ECEE89B2BC5D48E00AF7A79 /* Assets.xcassets */ = {isa = PBXFileReference; lastKnownFileType = folder.assetcatalog; path = Assets.xcassets; sourceTree = "<group>"; };
		8ECEE89E2BC5D48E00AF7A79 /* Preview Assets.xcassets */ = {isa = PBXFileReference; lastKnownFileType = folder.assetcatalog; path = "Preview Assets.xcassets"; sourceTree = "<group>"; };
		8ECEE8AB2BC5D80000AF7A79 /* NetworkManager.swift */ = {isa = PBXFileReference; lastKnownFileType = sourcecode.swift; path = NetworkManager.swift; sourceTree = "<group>"; };
		8ECEE8AE2BC5D8B900AF7A79 /* Event.swift */ = {isa = PBXFileReference; lastKnownFileType = sourcecode.swift; path = Event.swift; sourceTree = "<group>"; };
		8ECEE8B02BC5D8CD00AF7A79 /* Ticket.swift */ = {isa = PBXFileReference; lastKnownFileType = sourcecode.swift; path = Ticket.swift; sourceTree = "<group>"; };
		8ECEE8B22BC5D8E100AF7A79 /* Credentials.swift */ = {isa = PBXFileReference; lastKnownFileType = sourcecode.swift; path = Credentials.swift; sourceTree = "<group>"; };
		8ECEE8B42BC5DA6800AF7A79 /* RequestBuilder.swift */ = {isa = PBXFileReference; lastKnownFileType = sourcecode.swift; path = RequestBuilder.swift; sourceTree = "<group>"; };
		8ECEE8B72BC5E15500AF7A79 /* EventService.swift */ = {isa = PBXFileReference; lastKnownFileType = sourcecode.swift; path = EventService.swift; sourceTree = "<group>"; };
		8ECEE8B92BC5E24200AF7A79 /* ServiceFactory.swift */ = {isa = PBXFileReference; lastKnownFileType = sourcecode.swift; path = ServiceFactory.swift; sourceTree = "<group>"; };
		8ECEE8BB2BC5E49D00AF7A79 /* AccountService.swift */ = {isa = PBXFileReference; lastKnownFileType = sourcecode.swift; path = AccountService.swift; sourceTree = "<group>"; };
		8ED85E512BC66D8F00130D12 /* KeychainWrapper.swift */ = {isa = PBXFileReference; lastKnownFileType = sourcecode.swift; path = KeychainWrapper.swift; sourceTree = "<group>"; };
		8ED85E562BC68E3E00130D12 /* NetworkError.swift */ = {isa = PBXFileReference; lastKnownFileType = sourcecode.swift; path = NetworkError.swift; sourceTree = "<group>"; };
		8ED85E582BC6900B00130D12 /* AppDelegate.swift */ = {isa = PBXFileReference; lastKnownFileType = sourcecode.swift; path = AppDelegate.swift; sourceTree = "<group>"; };
		8ED85E5B2BC6916000130D12 /* AppSettings.swift */ = {isa = PBXFileReference; lastKnownFileType = sourcecode.swift; path = AppSettings.swift; sourceTree = "<group>"; };
		8ED85E5D2BC6939600130D12 /* Info.plist */ = {isa = PBXFileReference; lastKnownFileType = text.plist; path = Info.plist; sourceTree = "<group>"; };
		8ED85E5E2BC70C7C00130D12 /* RequestFactory.swift */ = {isa = PBXFileReference; lastKnownFileType = sourcecode.swift; path = RequestFactory.swift; sourceTree = "<group>"; };
/* End PBXFileReference section */

/* Begin PBXFrameworksBuildPhase section */
		8ECEE8912BC5D48D00AF7A79 /* Frameworks */ = {
			isa = PBXFrameworksBuildPhase;
			buildActionMask = 2147483647;
			files = (
			);
			runOnlyForDeploymentPostprocessing = 0;
		};
/* End PBXFrameworksBuildPhase section */

/* Begin PBXGroup section */
		8EC9401A2BC854EB001BFB7E /* Shared */ = {
			isa = PBXGroup;
			children = (
			);
			path = Shared;
			sourceTree = "<group>";
		};
		8EC9401E2BC866DD001BFB7E /* SignIn */ = {
			isa = PBXGroup;
			children = (
				8EC9401F2BC866F1001BFB7E /* SignInView.swift */,
				8EC940222BC867F9001BFB7E /* SignInViewModel.swift */,
				8E88D2A02BD2520F008B8FDC /* SignInViewController.swift */,
			);
			path = SignIn;
			sourceTree = "<group>";
		};
		8ECEE88B2BC5D48D00AF7A79 = {
			isa = PBXGroup;
			children = (
				8ECEE8962BC5D48D00AF7A79 /* Anchorage */,
				8ECEE8952BC5D48D00AF7A79 /* Products */,
			);
			sourceTree = "<group>";
		};
		8ECEE8952BC5D48D00AF7A79 /* Products */ = {
			isa = PBXGroup;
			children = (
				8ECEE8942BC5D48D00AF7A79 /* Anchorage.app */,
			);
			name = Products;
			sourceTree = "<group>";
		};
		8ECEE8962BC5D48D00AF7A79 /* Anchorage */ = {
			isa = PBXGroup;
			children = (
				8ED85E5D2BC6939600130D12 /* Info.plist */,
				8ED85E5A2BC6904100130D12 /* Screens */,
				8ED85E532BC682E500130D12 /* Utils */,
				8ECEE8C12BC5EE9600AF7A79 /* Extensions */,
				8ECEE8B62BC5E13E00AF7A79 /* Services */,
				8ECEE8AD2BC5D8AB00AF7A79 /* Entities */,
				8ECEE8A82BC5D71F00AF7A79 /* Networking */,
				8ED85E582BC6900B00130D12 /* AppDelegate.swift */,
				8ECEE8972BC5D48D00AF7A79 /* AnchorageApp.swift */,
				8ECEE89B2BC5D48E00AF7A79 /* Assets.xcassets */,
				8ECEE89D2BC5D48E00AF7A79 /* Preview Content */,
			);
			path = Anchorage;
			sourceTree = "<group>";
		};
		8ECEE89D2BC5D48E00AF7A79 /* Preview Content */ = {
			isa = PBXGroup;
			children = (
				8ECEE89E2BC5D48E00AF7A79 /* Preview Assets.xcassets */,
			);
			path = "Preview Content";
			sourceTree = "<group>";
		};
		8ECEE8A82BC5D71F00AF7A79 /* Networking */ = {
			isa = PBXGroup;
			children = (
				8ECEE8AB2BC5D80000AF7A79 /* NetworkManager.swift */,
				8ECEE8B42BC5DA6800AF7A79 /* RequestBuilder.swift */,
				8ED85E562BC68E3E00130D12 /* NetworkError.swift */,
				8ED85E5E2BC70C7C00130D12 /* RequestFactory.swift */,
			);
			path = Networking;
			sourceTree = "<group>";
		};
		8ECEE8AD2BC5D8AB00AF7A79 /* Entities */ = {
			isa = PBXGroup;
			children = (
				8ECEE8AE2BC5D8B900AF7A79 /* Event.swift */,
				8ECEE8B02BC5D8CD00AF7A79 /* Ticket.swift */,
				8ECEE8B22BC5D8E100AF7A79 /* Credentials.swift */,
			);
			path = Entities;
			sourceTree = "<group>";
		};
		8ECEE8B62BC5E13E00AF7A79 /* Services */ = {
			isa = PBXGroup;
			children = (
				8ECEE8B72BC5E15500AF7A79 /* EventService.swift */,
				8ECEE8B92BC5E24200AF7A79 /* ServiceFactory.swift */,
				8ECEE8BB2BC5E49D00AF7A79 /* AccountService.swift */,
				8EC940182BC84D04001BFB7E /* CredentialService.swift */,
				8EC940242BC86885001BFB7E /* AuthenticationService.swift */,
			);
			path = Services;
			sourceTree = "<group>";
		};
		8ECEE8C12BC5EE9600AF7A79 /* Extensions */ = {
			isa = PBXGroup;
			children = (
				8E77FCA12BD06863008C3845 /* Bundle+Info.swift */,
			);
			path = Extensions;
			sourceTree = "<group>";
		};
		8ED85E532BC682E500130D12 /* Utils */ = {
			isa = PBXGroup;
			children = (
				8ED85E512BC66D8F00130D12 /* KeychainWrapper.swift */,
				8ED85E5B2BC6916000130D12 /* AppSettings.swift */,
			);
			path = Utils;
			sourceTree = "<group>";
		};
		8ED85E5A2BC6904100130D12 /* Screens */ = {
			isa = PBXGroup;
			children = (
				8EC9401E2BC866DD001BFB7E /* SignIn */,
				8EC9401A2BC854EB001BFB7E /* Shared */,
			);
			path = Screens;
			sourceTree = "<group>";
		};
/* End PBXGroup section */

/* Begin PBXNativeTarget section */
		8ECEE8932BC5D48D00AF7A79 /* Anchorage */ = {
			isa = PBXNativeTarget;
			buildConfigurationList = 8ECEE8A22BC5D48E00AF7A79 /* Build configuration list for PBXNativeTarget "Anchorage" */;
			buildPhases = (
				8ECEE8902BC5D48D00AF7A79 /* Sources */,
				8ECEE8912BC5D48D00AF7A79 /* Frameworks */,
				8ECEE8922BC5D48D00AF7A79 /* Resources */,
			);
			buildRules = (
			);
			dependencies = (
			);
			name = Anchorage;
			productName = Anchorage;
			productReference = 8ECEE8942BC5D48D00AF7A79 /* Anchorage.app */;
			productType = "com.apple.product-type.application";
		};
/* End PBXNativeTarget section */

/* Begin PBXProject section */
		8ECEE88C2BC5D48D00AF7A79 /* Project object */ = {
			isa = PBXProject;
			attributes = {
				BuildIndependentTargetsInParallel = 1;
				LastSwiftUpdateCheck = 1530;
				LastUpgradeCheck = 1530;
				TargetAttributes = {
					8ECEE8932BC5D48D00AF7A79 = {
						CreatedOnToolsVersion = 15.3;
					};
				};
			};
			buildConfigurationList = 8ECEE88F2BC5D48D00AF7A79 /* Build configuration list for PBXProject "Anchorage" */;
			compatibilityVersion = "Xcode 14.0";
			developmentRegion = en;
			hasScannedForEncodings = 0;
			knownRegions = (
				en,
				Base,
			);
			mainGroup = 8ECEE88B2BC5D48D00AF7A79;
			productRefGroup = 8ECEE8952BC5D48D00AF7A79 /* Products */;
			projectDirPath = "";
			projectRoot = "";
			targets = (
				8ECEE8932BC5D48D00AF7A79 /* Anchorage */,
			);
		};
/* End PBXProject section */

/* Begin PBXResourcesBuildPhase section */
		8ECEE8922BC5D48D00AF7A79 /* Resources */ = {
			isa = PBXResourcesBuildPhase;
			buildActionMask = 2147483647;
			files = (
				8ECEE89F2BC5D48E00AF7A79 /* Preview Assets.xcassets in Resources */,
				8ECEE89C2BC5D48E00AF7A79 /* Assets.xcassets in Resources */,
			);
			runOnlyForDeploymentPostprocessing = 0;
		};
/* End PBXResourcesBuildPhase section */

/* Begin PBXSourcesBuildPhase section */
		8ECEE8902BC5D48D00AF7A79 /* Sources */ = {
			isa = PBXSourcesBuildPhase;
			buildActionMask = 2147483647;
			files = (
				8EC940192BC84D04001BFB7E /* CredentialService.swift in Sources */,
				8E77FCA22BD06863008C3845 /* Bundle+Info.swift in Sources */,
				8ED85E5F2BC70C7C00130D12 /* RequestFactory.swift in Sources */,
				8ECEE8BA2BC5E24200AF7A79 /* ServiceFactory.swift in Sources */,
				8ED85E572BC68E3E00130D12 /* NetworkError.swift in Sources */,
				8ECEE8AC2BC5D80000AF7A79 /* NetworkManager.swift in Sources */,
				8EC940202BC866F1001BFB7E /* SignInView.swift in Sources */,
				8ECEE8B12BC5D8CD00AF7A79 /* Ticket.swift in Sources */,
				8ECEE8982BC5D48D00AF7A79 /* AnchorageApp.swift in Sources */,
				8ECEE8B52BC5DA6800AF7A79 /* RequestBuilder.swift in Sources */,
				8ED85E5C2BC6916000130D12 /* AppSettings.swift in Sources */,
				8ECEE8B82BC5E15500AF7A79 /* EventService.swift in Sources */,
				8ECEE8BC2BC5E49D00AF7A79 /* AccountService.swift in Sources */,
				8ED85E522BC66D8F00130D12 /* KeychainWrapper.swift in Sources */,
				8EC940232BC867F9001BFB7E /* SignInViewModel.swift in Sources */,
				8EC940252BC86885001BFB7E /* AuthenticationService.swift in Sources */,
				8ED85E592BC6900B00130D12 /* AppDelegate.swift in Sources */,
				8ECEE8AF2BC5D8B900AF7A79 /* Event.swift in Sources */,
				8E88D2A12BD2520F008B8FDC /* SignInViewController.swift in Sources */,
				8ECEE8B32BC5D8E100AF7A79 /* Credentials.swift in Sources */,
			);
			runOnlyForDeploymentPostprocessing = 0;
		};
/* End PBXSourcesBuildPhase section */

/* Begin XCBuildConfiguration section */
		8ECEE8A02BC5D48E00AF7A79 /* Debug */ = {
			isa = XCBuildConfiguration;
			buildSettings = {
				ALWAYS_SEARCH_USER_PATHS = NO;
				ASSETCATALOG_COMPILER_GENERATE_SWIFT_ASSET_SYMBOL_EXTENSIONS = YES;
				CLANG_ANALYZER_NONNULL = YES;
				CLANG_ANALYZER_NUMBER_OBJECT_CONVERSION = YES_AGGRESSIVE;
				CLANG_CXX_LANGUAGE_STANDARD = "gnu++20";
				CLANG_ENABLE_MODULES = YES;
				CLANG_ENABLE_OBJC_ARC = YES;
				CLANG_ENABLE_OBJC_WEAK = YES;
				CLANG_WARN_BLOCK_CAPTURE_AUTORELEASING = YES;
				CLANG_WARN_BOOL_CONVERSION = YES;
				CLANG_WARN_COMMA = YES;
				CLANG_WARN_CONSTANT_CONVERSION = YES;
				CLANG_WARN_DEPRECATED_OBJC_IMPLEMENTATIONS = YES;
				CLANG_WARN_DIRECT_OBJC_ISA_USAGE = YES_ERROR;
				CLANG_WARN_DOCUMENTATION_COMMENTS = YES;
				CLANG_WARN_EMPTY_BODY = YES;
				CLANG_WARN_ENUM_CONVERSION = YES;
				CLANG_WARN_INFINITE_RECURSION = YES;
				CLANG_WARN_INT_CONVERSION = YES;
				CLANG_WARN_NON_LITERAL_NULL_CONVERSION = YES;
				CLANG_WARN_OBJC_IMPLICIT_RETAIN_SELF = YES;
				CLANG_WARN_OBJC_LITERAL_CONVERSION = YES;
				CLANG_WARN_OBJC_ROOT_CLASS = YES_ERROR;
				CLANG_WARN_QUOTED_INCLUDE_IN_FRAMEWORK_HEADER = YES;
				CLANG_WARN_RANGE_LOOP_ANALYSIS = YES;
				CLANG_WARN_STRICT_PROTOTYPES = YES;
				CLANG_WARN_SUSPICIOUS_MOVE = YES;
				CLANG_WARN_UNGUARDED_AVAILABILITY = YES_AGGRESSIVE;
				CLANG_WARN_UNREACHABLE_CODE = YES;
				CLANG_WARN__DUPLICATE_METHOD_MATCH = YES;
				COPY_PHASE_STRIP = NO;
				DEBUG_INFORMATION_FORMAT = dwarf;
				ENABLE_STRICT_OBJC_MSGSEND = YES;
				ENABLE_TESTABILITY = YES;
				ENABLE_USER_SCRIPT_SANDBOXING = YES;
				GCC_C_LANGUAGE_STANDARD = gnu17;
				GCC_DYNAMIC_NO_PIC = NO;
				GCC_NO_COMMON_BLOCKS = YES;
				GCC_OPTIMIZATION_LEVEL = 0;
				GCC_PREPROCESSOR_DEFINITIONS = (
					"DEBUG=1",
					"$(inherited)",
				);
				GCC_WARN_64_TO_32_BIT_CONVERSION = YES;
				GCC_WARN_ABOUT_RETURN_TYPE = YES_ERROR;
				GCC_WARN_UNDECLARED_SELECTOR = YES;
				GCC_WARN_UNINITIALIZED_AUTOS = YES_AGGRESSIVE;
				GCC_WARN_UNUSED_FUNCTION = YES;
				GCC_WARN_UNUSED_VARIABLE = YES;
				IPHONEOS_DEPLOYMENT_TARGET = 17.4;
				LOCALIZATION_PREFERS_STRING_CATALOGS = YES;
				MTL_ENABLE_DEBUG_INFO = INCLUDE_SOURCE;
				MTL_FAST_MATH = YES;
				ONLY_ACTIVE_ARCH = YES;
				SDKROOT = iphoneos;
				SWIFT_ACTIVE_COMPILATION_CONDITIONS = "DEBUG $(inherited)";
				SWIFT_OPTIMIZATION_LEVEL = "-Onone";
			};
			name = Debug;
		};
		8ECEE8A12BC5D48E00AF7A79 /* Release */ = {
			isa = XCBuildConfiguration;
			buildSettings = {
				ALWAYS_SEARCH_USER_PATHS = NO;
				ASSETCATALOG_COMPILER_GENERATE_SWIFT_ASSET_SYMBOL_EXTENSIONS = YES;
				CLANG_ANALYZER_NONNULL = YES;
				CLANG_ANALYZER_NUMBER_OBJECT_CONVERSION = YES_AGGRESSIVE;
				CLANG_CXX_LANGUAGE_STANDARD = "gnu++20";
				CLANG_ENABLE_MODULES = YES;
				CLANG_ENABLE_OBJC_ARC = YES;
				CLANG_ENABLE_OBJC_WEAK = YES;
				CLANG_WARN_BLOCK_CAPTURE_AUTORELEASING = YES;
				CLANG_WARN_BOOL_CONVERSION = YES;
				CLANG_WARN_COMMA = YES;
				CLANG_WARN_CONSTANT_CONVERSION = YES;
				CLANG_WARN_DEPRECATED_OBJC_IMPLEMENTATIONS = YES;
				CLANG_WARN_DIRECT_OBJC_ISA_USAGE = YES_ERROR;
				CLANG_WARN_DOCUMENTATION_COMMENTS = YES;
				CLANG_WARN_EMPTY_BODY = YES;
				CLANG_WARN_ENUM_CONVERSION = YES;
				CLANG_WARN_INFINITE_RECURSION = YES;
				CLANG_WARN_INT_CONVERSION = YES;
				CLANG_WARN_NON_LITERAL_NULL_CONVERSION = YES;
				CLANG_WARN_OBJC_IMPLICIT_RETAIN_SELF = YES;
				CLANG_WARN_OBJC_LITERAL_CONVERSION = YES;
				CLANG_WARN_OBJC_ROOT_CLASS = YES_ERROR;
				CLANG_WARN_QUOTED_INCLUDE_IN_FRAMEWORK_HEADER = YES;
				CLANG_WARN_RANGE_LOOP_ANALYSIS = YES;
				CLANG_WARN_STRICT_PROTOTYPES = YES;
				CLANG_WARN_SUSPICIOUS_MOVE = YES;
				CLANG_WARN_UNGUARDED_AVAILABILITY = YES_AGGRESSIVE;
				CLANG_WARN_UNREACHABLE_CODE = YES;
				CLANG_WARN__DUPLICATE_METHOD_MATCH = YES;
				COPY_PHASE_STRIP = NO;
				DEBUG_INFORMATION_FORMAT = "dwarf-with-dsym";
				ENABLE_NS_ASSERTIONS = NO;
				ENABLE_STRICT_OBJC_MSGSEND = YES;
				ENABLE_USER_SCRIPT_SANDBOXING = YES;
				GCC_C_LANGUAGE_STANDARD = gnu17;
				GCC_NO_COMMON_BLOCKS = YES;
				GCC_WARN_64_TO_32_BIT_CONVERSION = YES;
				GCC_WARN_ABOUT_RETURN_TYPE = YES_ERROR;
				GCC_WARN_UNDECLARED_SELECTOR = YES;
				GCC_WARN_UNINITIALIZED_AUTOS = YES_AGGRESSIVE;
				GCC_WARN_UNUSED_FUNCTION = YES;
				GCC_WARN_UNUSED_VARIABLE = YES;
				IPHONEOS_DEPLOYMENT_TARGET = 17.4;
				LOCALIZATION_PREFERS_STRING_CATALOGS = YES;
				MTL_ENABLE_DEBUG_INFO = NO;
				MTL_FAST_MATH = YES;
				SDKROOT = iphoneos;
				SWIFT_COMPILATION_MODE = wholemodule;
				VALIDATE_PRODUCT = YES;
			};
			name = Release;
		};
		8ECEE8A32BC5D48E00AF7A79 /* Debug */ = {
			isa = XCBuildConfiguration;
			buildSettings = {
				API_BASE_URL = "http://localhost:8888";
				ASSETCATALOG_COMPILER_APPICON_NAME = AppIcon;
				ASSETCATALOG_COMPILER_GLOBAL_ACCENT_COLOR_NAME = AccentColor;
				CODE_SIGN_STYLE = Automatic;
				CURRENT_PROJECT_VERSION = 1;
				DEVELOPMENT_ASSET_PATHS = "\"Anchorage/Preview Content\"";
				DEVELOPMENT_TEAM = 2SMFLM66R9;
				ENABLE_PREVIEWS = YES;
				GENERATE_INFOPLIST_FILE = YES;
				INFOPLIST_FILE = Anchorage/Info.plist;
				INFOPLIST_KEY_LSApplicationCategoryType = "public.app-category.utilities";
				INFOPLIST_KEY_UIApplicationSupportsIndirectInputEvents = YES;
				INFOPLIST_KEY_UILaunchScreen_Generation = YES;
				INFOPLIST_KEY_UISupportedInterfaceOrientations = UIInterfaceOrientationPortrait;
				IPHONEOS_DEPLOYMENT_TARGET = 17.4;
				LD_RUNPATH_SEARCH_PATHS = (
					"$(inherited)",
					"@executable_path/Frameworks",
				);
				MARKETING_VERSION = 1.0.0;
				PRODUCT_BUNDLE_IDENTIFIER = no.m31.anchorage;
				PRODUCT_NAME = "$(TARGET_NAME)";
				SUPPORTED_PLATFORMS = "iphoneos iphonesimulator";
				SUPPORTS_MACCATALYST = NO;
				SUPPORTS_MAC_DESIGNED_FOR_IPHONE_IPAD = NO;
				SUPPORTS_XR_DESIGNED_FOR_IPHONE_IPAD = NO;
				SWIFT_EMIT_LOC_STRINGS = YES;
				SWIFT_VERSION = 5.0;
				TARGETED_DEVICE_FAMILY = 1;
			};
			name = Debug;
		};
		8ECEE8A42BC5D48E00AF7A79 /* Release */ = {
			isa = XCBuildConfiguration;
			buildSettings = {
				API_BASE_URL = "http://localhost:8888";
				ASSETCATALOG_COMPILER_APPICON_NAME = AppIcon;
				ASSETCATALOG_COMPILER_GLOBAL_ACCENT_COLOR_NAME = AccentColor;
				CODE_SIGN_STYLE = Automatic;
				CURRENT_PROJECT_VERSION = 1;
				DEVELOPMENT_ASSET_PATHS = "\"Anchorage/Preview Content\"";
				DEVELOPMENT_TEAM = 2SMFLM66R9;
				ENABLE_PREVIEWS = YES;
				GENERATE_INFOPLIST_FILE = YES;
				INFOPLIST_FILE = Anchorage/Info.plist;
				INFOPLIST_KEY_LSApplicationCategoryType = "public.app-category.utilities";
				INFOPLIST_KEY_UIApplicationSupportsIndirectInputEvents = YES;
				INFOPLIST_KEY_UILaunchScreen_Generation = YES;
				INFOPLIST_KEY_UISupportedInterfaceOrientations = UIInterfaceOrientationPortrait;
				IPHONEOS_DEPLOYMENT_TARGET = 17.4;
				LD_RUNPATH_SEARCH_PATHS = (
					"$(inherited)",
					"@executable_path/Frameworks",
				);
				MARKETING_VERSION = 1.0.0;
				PRODUCT_BUNDLE_IDENTIFIER = no.m31.anchorage;
				PRODUCT_NAME = "$(TARGET_NAME)";
				SUPPORTED_PLATFORMS = "iphoneos iphonesimulator";
				SUPPORTS_MACCATALYST = NO;
				SUPPORTS_MAC_DESIGNED_FOR_IPHONE_IPAD = NO;
				SUPPORTS_XR_DESIGNED_FOR_IPHONE_IPAD = NO;
				SWIFT_EMIT_LOC_STRINGS = YES;
				SWIFT_VERSION = 5.0;
				TARGETED_DEVICE_FAMILY = 1;
			};
			name = Release;
		};
/* End XCBuildConfiguration section */

/* Begin XCConfigurationList section */
		8ECEE88F2BC5D48D00AF7A79 /* Build configuration list for PBXProject "Anchorage" */ = {
			isa = XCConfigurationList;
			buildConfigurations = (
				8ECEE8A02BC5D48E00AF7A79 /* Debug */,
				8ECEE8A12BC5D48E00AF7A79 /* Release */,
			);
			defaultConfigurationIsVisible = 0;
			defaultConfigurationName = Release;
		};
		8ECEE8A22BC5D48E00AF7A79 /* Build configuration list for PBXNativeTarget "Anchorage" */ = {
			isa = XCConfigurationList;
			buildConfigurations = (
				8ECEE8A32BC5D48E00AF7A79 /* Debug */,
				8ECEE8A42BC5D48E00AF7A79 /* Release */,
			);
			defaultConfigurationIsVisible = 0;
			defaultConfigurationName = Release;
		};
/* End XCConfigurationList section */
	};
	rootObject = 8ECEE88C2BC5D48D00AF7A79 /* Project object */;
}
